
Microsoft Visual Studio Solution File, Format Version 12.00
# Visual Studio Version 16
VisualStudioVersion = 16.0.31112.23
MinimumVisualStudioVersion = 10.0.40219.1
Project("{8BC9CEB8-8B4A-11D0-8D11-00A0C91BC942}") = "Project3", "Project3.vcxproj", "{CECE315B-3A9C-4530-A723-C8A03A5B3760}"
EndProject
Global
	GlobalSection(SolutionConfigurationPlatforms) = preSolution
		Debug|x64 = Debug|x64
		Debug|x86 = Debug|x86
		Release|x64 = Release|x64
		Release|x86 = Release|x86
	EndGlobalSection
	GlobalSection(ProjectConfigurationPlatforms) = postSolution
		{CECE315B-3A9C-4530-A723-C8A03A5B3760}.Debug|x64.ActiveCfg = Debug|x64
		{CECE315B-3A9C-4530-A723-C8A03A5B3760}.Debug|x64.Build.0 = Debug|x64
		{CECE315B-3A9C-4530-A723-C8A03A5B3760}.Debug|x86.ActiveCfg = Debug|Win32
		{CECE315B-3A9C-4530-A723-C8A03A5B3760}.Debug|x86.Build.0 = Debug|Win32
		{CECE315B-3A9C-4530-A723-C8A03A5B3760}.Release|x64.ActiveCfg = Release|x64
		{CECE315B-3A9C-4530-A723-C8A03A5B3760}.Release|x64.Build.0 = Release|x64
		{CECE315B-3A9C-4530-A723-C8A03A5B3760}.Release|x86.ActiveCfg = Release|Win32
		{CECE315B-3A9C-4530-A723-C8A03A5B3760}.Release|x86.Build.0 = Release|Win32
	EndGlobalSection
	GlobalSection(SolutionProperties) = preSolution
		HideSolutionNode = FALSE
	EndGlobalSection
	GlobalSection(ExtensibilityGlobals) = postSolution
		SolutionGuid = {6C206147-F11B-4E37-AB4F-A449ACB7186E}
	EndGlobalSection
EndGlobal
